
Microsoft Visual Studio Solution File, Format Version 12.00
# Visual Studio Version 17
VisualStudioVersion = 17.14.36414.22 d17.14
MinimumVisualStudioVersion = 10.0.40219.1
Project("{FAE04EC0-301F-11D3-BF4B-00C04F79EFBC}") = "AddressParser3", "AddressParser3.csproj", "{BAF81986-5905-4DE1-9B6C-2289BE85C444}"
EndProject
Global
	GlobalSection(SolutionConfigurationPlatforms) = preSolution
		Debug|Any CPU = Debug|Any CPU
		Release|Any CPU = Release|Any CPU
	EndGlobalSection
	GlobalSection(ProjectConfigurationPlatforms) = postSolution
		{BAF81986-5905-4DE1-9B6C-2289BE85C444}.Debug|Any CPU.ActiveCfg = Debug|Any CPU
		{BAF81986-5905-4DE1-9B6C-2289BE85C444}.Debug|Any CPU.Build.0 = Debug|Any CPU
		{BAF81986-5905-4DE1-9B6C-2289BE85C444}.Release|Any CPU.ActiveCfg = Release|Any CPU
		{BAF81986-5905-4DE1-9B6C-2289BE85C444}.Release|Any CPU.Build.0 = Release|Any CPU
	EndGlobalSection
	GlobalSection(SolutionProperties) = preSolution
		HideSolutionNode = FALSE
	EndGlobalSection
	GlobalSection(ExtensibilityGlobals) = postSolution
		SolutionGuid = {49372F91-F374-45E1-B846-4E03D0C27D0D}
	EndGlobalSection
EndGlobal
